
Microsoft Visual Studio Solution File, Format Version 12.00
Project("{FAE04EC0-301F-11D3-BF4B-00C04F79EFBC}") = "PandaBot", "PandaBot\PandaBot.csproj", "{66EBB40D-44BD-4CB5-9828-157E4532FA53}"
EndProject
Global
	GlobalSection(SolutionConfigurationPlatforms) = preSolution
		Debug|Any CPU = Debug|Any CPU
		Release|Any CPU = Release|Any CPU
	EndGlobalSection
	GlobalSection(ProjectConfigurationPlatforms) = postSolution
		{66EBB40D-44BD-4CB5-9828-157E4532FA53}.Debug|Any CPU.ActiveCfg = Debug|Any CPU
		{66EBB40D-44BD-4CB5-9828-157E4532FA53}.Debug|Any CPU.Build.0 = Debug|Any CPU
		{66EBB40D-44BD-4CB5-9828-157E4532FA53}.Release|Any CPU.ActiveCfg = Release|Any CPU
		{66EBB40D-44BD-4CB5-9828-157E4532FA53}.Release|Any CPU.Build.0 = Release|Any CPU
	EndGlobalSection
EndGlobal
